// !$*UTF8*$!
{
	archiveVersion = 1;
	classes = {
	};
	objectVersion = 56;
	objects = {

/* Begin PBXBuildFile section */
		060C10C3B63CE5F97BACD6EB /* Pods_InstagramClone_InstagramCloneUITests.framework in Frameworks */ = {isa = PBXBuildFile; fileRef = 8640C542C214FA36E2C7C29C /* Pods_InstagramClone_InstagramCloneUITests.framework */; };
		3BADF97C0B7EFD77E78D0CFF /* Pods_InstagramCloneTests.framework in Frameworks */ = {isa = PBXBuildFile; fileRef = 3EFE89BB189D0AB8B7EC37A3 /* Pods_InstagramCloneTests.framework */; };
		43497630298C591700B8753C /* GoogleService-Info.plist in Resources */ = {isa = PBXBuildFile; fileRef = 4349762F298C591700B8753C /* GoogleService-Info.plist */; };
		43F9A42B299A3CBC007959D2 /* MainTabVC.swift in Sources */ = {isa = PBXBuildFile; fileRef = 43F9A42A299A3CBC007959D2 /* MainTabVC.swift */; };
		43F9A42D299A3FAF007959D2 /* SearchVC.swift in Sources */ = {isa = PBXBuildFile; fileRef = 43F9A42C299A3FAF007959D2 /* SearchVC.swift */; };
		43F9A42F299A3FDA007959D2 /* FeedVC.swift in Sources */ = {isa = PBXBuildFile; fileRef = 43F9A42E299A3FDA007959D2 /* FeedVC.swift */; };
		43F9A431299A4002007959D2 /* UploadPostVC.swift in Sources */ = {isa = PBXBuildFile; fileRef = 43F9A430299A4002007959D2 /* UploadPostVC.swift */; };
		43F9A433299A4046007959D2 /* NotificationsVC.swift in Sources */ = {isa = PBXBuildFile; fileRef = 43F9A432299A4046007959D2 /* NotificationsVC.swift */; };
		43F9A435299A4349007959D2 /* UserProfileVC.swift in Sources */ = {isa = PBXBuildFile; fileRef = 43F9A434299A4349007959D2 /* UserProfileVC.swift */; };
		5788D3812988FB2400C4A2DD /* Main.storyboard in Resources */ = {isa = PBXBuildFile; fileRef = 5788D37F2988FB2400C4A2DD /* Main.storyboard */; };
		57AF98A7298257AD00EEEB46 /* AppDelegate.swift in Sources */ = {isa = PBXBuildFile; fileRef = 57AF98A6298257AD00EEEB46 /* AppDelegate.swift */; };
		57AF98A9298257AD00EEEB46 /* SceneDelegate.swift in Sources */ = {isa = PBXBuildFile; fileRef = 57AF98A8298257AD00EEEB46 /* SceneDelegate.swift */; };
		57AF98B3298257AF00EEEB46 /* LaunchScreen.storyboard in Resources */ = {isa = PBXBuildFile; fileRef = 57AF98B1298257AF00EEEB46 /* LaunchScreen.storyboard */; };
		57AF98BE298257AF00EEEB46 /* InstagramCloneTests.swift in Sources */ = {isa = PBXBuildFile; fileRef = 57AF98BD298257AF00EEEB46 /* InstagramCloneTests.swift */; };
		57AF98C8298257AF00EEEB46 /* InstagramCloneUITests.swift in Sources */ = {isa = PBXBuildFile; fileRef = 57AF98C7298257AF00EEEB46 /* InstagramCloneUITests.swift */; };
		57AF98CA298257AF00EEEB46 /* InstagramCloneUITestsLaunchTests.swift in Sources */ = {isa = PBXBuildFile; fileRef = 57AF98C9298257AF00EEEB46 /* InstagramCloneUITestsLaunchTests.swift */; };
		57AF98DA2982581F00EEEB46 /* LoginVC.swift in Sources */ = {isa = PBXBuildFile; fileRef = 57AF98D92982581F00EEEB46 /* LoginVC.swift */; };
		57AF98DD29825A5700EEEB46 /* Extensions.swift in Sources */ = {isa = PBXBuildFile; fileRef = 57AF98DC29825A5700EEEB46 /* Extensions.swift */; };
		57AF9919298266DE00EEEB46 /* Assets.xcassets in Resources */ = {isa = PBXBuildFile; fileRef = 57AF9918298266DE00EEEB46 /* Assets.xcassets */; };
		57AF991B2983B5FD00EEEB46 /* SignUpVC.swift in Sources */ = {isa = PBXBuildFile; fileRef = 57AF991A2983B5FD00EEEB46 /* SignUpVC.swift */; };
		67B8692E0812B1E7EADEF268 /* Pods_InstagramClone.framework in Frameworks */ = {isa = PBXBuildFile; fileRef = 09B0D68B773CE077B343969D /* Pods_InstagramClone.framework */; };
/* End PBXBuildFile section */

/* Begin PBXContainerItemProxy section */
		57AF98BA298257AF00EEEB46 /* PBXContainerItemProxy */ = {
			isa = PBXContainerItemProxy;
			containerPortal = 57AF989B298257AD00EEEB46 /* Project object */;
			proxyType = 1;
			remoteGlobalIDString = 57AF98A2298257AD00EEEB46;
			remoteInfo = InstagramClone;
		};
		57AF98C4298257AF00EEEB46 /* PBXContainerItemProxy */ = {
			isa = PBXContainerItemProxy;
			containerPortal = 57AF989B298257AD00EEEB46 /* Project object */;
			proxyType = 1;
			remoteGlobalIDString = 57AF98A2298257AD00EEEB46;
			remoteInfo = InstagramClone;
		};
/* End PBXContainerItemProxy section */

/* Begin PBXFileReference section */
		09B0D68B773CE077B343969D /* Pods_InstagramClone.framework */ = {isa = PBXFileReference; explicitFileType = wrapper.framework; includeInIndex = 0; path = Pods_InstagramClone.framework; sourceTree = BUILT_PRODUCTS_DIR; };
		0D6D85D7266B6E00A7BF76FF /* Pods-InstagramClone-InstagramCloneUITests.release.xcconfig */ = {isa = PBXFileReference; includeInIndex = 1; lastKnownFileType = text.xcconfig; name = "Pods-InstagramClone-InstagramCloneUITests.release.xcconfig"; path = "Target Support Files/Pods-InstagramClone-InstagramCloneUITests/Pods-InstagramClone-InstagramCloneUITests.release.xcconfig"; sourceTree = "<group>"; };
		116E9DEC4AD817154BA8BF88 /* Pods-InstagramClone-InstagramCloneUITests.debug.xcconfig */ = {isa = PBXFileReference; includeInIndex = 1; lastKnownFileType = text.xcconfig; name = "Pods-InstagramClone-InstagramCloneUITests.debug.xcconfig"; path = "Target Support Files/Pods-InstagramClone-InstagramCloneUITests/Pods-InstagramClone-InstagramCloneUITests.debug.xcconfig"; sourceTree = "<group>"; };
		1FBBE693344AB3998CA5C5D0 /* Pods-InstagramClone.debug.xcconfig */ = {isa = PBXFileReference; includeInIndex = 1; lastKnownFileType = text.xcconfig; name = "Pods-InstagramClone.debug.xcconfig"; path = "Target Support Files/Pods-InstagramClone/Pods-InstagramClone.debug.xcconfig"; sourceTree = "<group>"; };
		3EFE89BB189D0AB8B7EC37A3 /* Pods_InstagramCloneTests.framework */ = {isa = PBXFileReference; explicitFileType = wrapper.framework; includeInIndex = 0; path = Pods_InstagramCloneTests.framework; sourceTree = BUILT_PRODUCTS_DIR; };
		4349762F298C591700B8753C /* GoogleService-Info.plist */ = {isa = PBXFileReference; fileEncoding = 4; lastKnownFileType = text.plist.xml; path = "GoogleService-Info.plist"; sourceTree = "<group>"; };
		43F9A42A299A3CBC007959D2 /* MainTabVC.swift */ = {isa = PBXFileReference; lastKnownFileType = sourcecode.swift; path = MainTabVC.swift; sourceTree = "<group>"; };
		43F9A42C299A3FAF007959D2 /* SearchVC.swift */ = {isa = PBXFileReference; lastKnownFileType = sourcecode.swift; path = SearchVC.swift; sourceTree = "<group>"; };
		43F9A42E299A3FDA007959D2 /* FeedVC.swift */ = {isa = PBXFileReference; lastKnownFileType = sourcecode.swift; path = FeedVC.swift; sourceTree = "<group>"; };
		43F9A430299A4002007959D2 /* UploadPostVC.swift */ = {isa = PBXFileReference; lastKnownFileType = sourcecode.swift; path = UploadPostVC.swift; sourceTree = "<group>"; };
		43F9A432299A4046007959D2 /* NotificationsVC.swift */ = {isa = PBXFileReference; lastKnownFileType = sourcecode.swift; path = NotificationsVC.swift; sourceTree = "<group>"; };
		43F9A434299A4349007959D2 /* UserProfileVC.swift */ = {isa = PBXFileReference; lastKnownFileType = sourcecode.swift; path = UserProfileVC.swift; sourceTree = "<group>"; };
		5788D3802988FB2400C4A2DD /* Base */ = {isa = PBXFileReference; lastKnownFileType = file.storyboard; name = Base; path = Base.lproj/Main.storyboard; sourceTree = "<group>"; };
		57AF98A3298257AD00EEEB46 /* InstagramClone.app */ = {isa = PBXFileReference; explicitFileType = wrapper.application; includeInIndex = 0; path = InstagramClone.app; sourceTree = BUILT_PRODUCTS_DIR; };
		57AF98A6298257AD00EEEB46 /* AppDelegate.swift */ = {isa = PBXFileReference; lastKnownFileType = sourcecode.swift; path = AppDelegate.swift; sourceTree = "<group>"; };
		57AF98A8298257AD00EEEB46 /* SceneDelegate.swift */ = {isa = PBXFileReference; lastKnownFileType = sourcecode.swift; path = SceneDelegate.swift; sourceTree = "<group>"; };
		57AF98B2298257AF00EEEB46 /* Base */ = {isa = PBXFileReference; lastKnownFileType = file.storyboard; name = Base; path = Base.lproj/LaunchScreen.storyboard; sourceTree = "<group>"; };
		57AF98B4298257AF00EEEB46 /* Info.plist */ = {isa = PBXFileReference; lastKnownFileType = text.plist.xml; path = Info.plist; sourceTree = "<group>"; };
		57AF98B9298257AF00EEEB46 /* InstagramCloneTests.xctest */ = {isa = PBXFileReference; explicitFileType = wrapper.cfbundle; includeInIndex = 0; path = InstagramCloneTests.xctest; sourceTree = BUILT_PRODUCTS_DIR; };
		57AF98BD298257AF00EEEB46 /* InstagramCloneTests.swift */ = {isa = PBXFileReference; lastKnownFileType = sourcecode.swift; path = InstagramCloneTests.swift; sourceTree = "<group>"; };
		57AF98C3298257AF00EEEB46 /* InstagramCloneUITests.xctest */ = {isa = PBXFileReference; explicitFileType = wrapper.cfbundle; includeInIndex = 0; path = InstagramCloneUITests.xctest; sourceTree = BUILT_PRODUCTS_DIR; };
		57AF98C7298257AF00EEEB46 /* InstagramCloneUITests.swift */ = {isa = PBXFileReference; lastKnownFileType = sourcecode.swift; path = InstagramCloneUITests.swift; sourceTree = "<group>"; };
		57AF98C9298257AF00EEEB46 /* InstagramCloneUITestsLaunchTests.swift */ = {isa = PBXFileReference; lastKnownFileType = sourcecode.swift; path = InstagramCloneUITestsLaunchTests.swift; sourceTree = "<group>"; };
		57AF98D92982581F00EEEB46 /* LoginVC.swift */ = {isa = PBXFileReference; lastKnownFileType = sourcecode.swift; path = LoginVC.swift; sourceTree = "<group>"; };
		57AF98DC29825A5700EEEB46 /* Extensions.swift */ = {isa = PBXFileReference; lastKnownFileType = sourcecode.swift; path = Extensions.swift; sourceTree = "<group>"; };
		57AF9918298266DE00EEEB46 /* Assets.xcassets */ = {isa = PBXFileReference; lastKnownFileType = folder.assetcatalog; path = Assets.xcassets; sourceTree = "<group>"; };
		57AF991A2983B5FD00EEEB46 /* SignUpVC.swift */ = {isa = PBXFileReference; lastKnownFileType = sourcecode.swift; path = SignUpVC.swift; sourceTree = "<group>"; };
		8640C542C214FA36E2C7C29C /* Pods_InstagramClone_InstagramCloneUITests.framework */ = {isa = PBXFileReference; explicitFileType = wrapper.framework; includeInIndex = 0; path = Pods_InstagramClone_InstagramCloneUITests.framework; sourceTree = BUILT_PRODUCTS_DIR; };
		BE10E5A0A453F865623A3125 /* Pods-InstagramClone.release.xcconfig */ = {isa = PBXFileReference; includeInIndex = 1; lastKnownFileType = text.xcconfig; name = "Pods-InstagramClone.release.xcconfig"; path = "Target Support Files/Pods-InstagramClone/Pods-InstagramClone.release.xcconfig"; sourceTree = "<group>"; };
		C6E928E437DB6F3D7027E699 /* Pods-InstagramCloneTests.debug.xcconfig */ = {isa = PBXFileReference; includeInIndex = 1; lastKnownFileType = text.xcconfig; name = "Pods-InstagramCloneTests.debug.xcconfig"; path = "Target Support Files/Pods-InstagramCloneTests/Pods-InstagramCloneTests.debug.xcconfig"; sourceTree = "<group>"; };
		ED94839913D094C7CCC0A4F2 /* Pods-InstagramCloneTests.release.xcconfig */ = {isa = PBXFileReference; includeInIndex = 1; lastKnownFileType = text.xcconfig; name = "Pods-InstagramCloneTests.release.xcconfig"; path = "Target Support Files/Pods-InstagramCloneTests/Pods-InstagramCloneTests.release.xcconfig"; sourceTree = "<group>"; };
/* End PBXFileReference section */

/* Begin PBXFrameworksBuildPhase section */
		57AF98A0298257AD00EEEB46 /* Frameworks */ = {
			isa = PBXFrameworksBuildPhase;
			buildActionMask = 2147483647;
			files = (
				67B8692E0812B1E7EADEF268 /* Pods_InstagramClone.framework in Frameworks */,
			);
			runOnlyForDeploymentPostprocessing = 0;
		};
		57AF98B6298257AF00EEEB46 /* Frameworks */ = {
			isa = PBXFrameworksBuildPhase;
			buildActionMask = 2147483647;
			files = (
				3BADF97C0B7EFD77E78D0CFF /* Pods_InstagramCloneTests.framework in Frameworks */,
			);
			runOnlyForDeploymentPostprocessing = 0;
		};
		57AF98C0298257AF00EEEB46 /* Frameworks */ = {
			isa = PBXFrameworksBuildPhase;
			buildActionMask = 2147483647;
			files = (
				060C10C3B63CE5F97BACD6EB /* Pods_InstagramClone_InstagramCloneUITests.framework in Frameworks */,
			);
			runOnlyForDeploymentPostprocessing = 0;
		};
/* End PBXFrameworksBuildPhase section */

/* Begin PBXGroup section */
		43F9A436299B64E6007959D2 /* Login */ = {
			isa = PBXGroup;
			children = (
				57AF98D92982581F00EEEB46 /* LoginVC.swift */,
				57AF991A2983B5FD00EEEB46 /* SignUpVC.swift */,
			);
			path = Login;
			sourceTree = "<group>";
		};
		43F9A437299B64EE007959D2 /* Feed */ = {
			isa = PBXGroup;
			children = (
				43F9A42E299A3FDA007959D2 /* FeedVC.swift */,
			);
			path = Feed;
			sourceTree = "<group>";
		};
		43F9A438299B64F6007959D2 /* Search */ = {
			isa = PBXGroup;
			children = (
				43F9A42C299A3FAF007959D2 /* SearchVC.swift */,
			);
			path = Search;
			sourceTree = "<group>";
		};
		43F9A439299B64FC007959D2 /* UploadPost */ = {
			isa = PBXGroup;
			children = (
				43F9A430299A4002007959D2 /* UploadPostVC.swift */,
			);
			path = UploadPost;
			sourceTree = "<group>";
		};
		43F9A43A299B6506007959D2 /* Notifications */ = {
			isa = PBXGroup;
			children = (
				43F9A432299A4046007959D2 /* NotificationsVC.swift */,
			);
			path = Notifications;
			sourceTree = "<group>";
		};
		43F9A43B299B650D007959D2 /* UserProfile */ = {
			isa = PBXGroup;
			children = (
				43F9A434299A4349007959D2 /* UserProfileVC.swift */,
			);
			path = UserProfile;
			sourceTree = "<group>";
		};
		57AF989A298257AD00EEEB46 = {
			isa = PBXGroup;
			children = (
				57AF98A5298257AD00EEEB46 /* InstagramClone */,
				57AF98BC298257AF00EEEB46 /* InstagramCloneTests */,
				57AF98C6298257AF00EEEB46 /* InstagramCloneUITests */,
				57AF98A4298257AD00EEEB46 /* Products */,
				CEA6DD160077D0F2F0B02138 /* Pods */,
				B0D4533A65F4AE969DE6E03D /* Frameworks */,
			);
			sourceTree = "<group>";
		};
		57AF98A4298257AD00EEEB46 /* Products */ = {
			isa = PBXGroup;
			children = (
				57AF98A3298257AD00EEEB46 /* InstagramClone.app */,
				57AF98B9298257AF00EEEB46 /* InstagramCloneTests.xctest */,
				57AF98C3298257AF00EEEB46 /* InstagramCloneUITests.xctest */,
			);
			name = Products;
			sourceTree = "<group>";
		};
		57AF98A5298257AD00EEEB46 /* InstagramClone */ = {
			isa = PBXGroup;
			children = (
				57AF98DB29825A4500EEEB46 /* Uitls */,
				57AF98D6298257CF00EEEB46 /* View */,
				57AF98D7298257D500EEEB46 /* Model */,
				57AF98D8298257DA00EEEB46 /* Controller */,
				57AF98A6298257AD00EEEB46 /* AppDelegate.swift */,
				57AF98A8298257AD00EEEB46 /* SceneDelegate.swift */,
				5788D37F2988FB2400C4A2DD /* Main.storyboard */,
				57AF98B1298257AF00EEEB46 /* LaunchScreen.storyboard */,
				4349762F298C591700B8753C /* GoogleService-Info.plist */,
				57AF9918298266DE00EEEB46 /* Assets.xcassets */,
				57AF98B4298257AF00EEEB46 /* Info.plist */,
			);
			path = InstagramClone;
			sourceTree = "<group>";
		};
		57AF98BC298257AF00EEEB46 /* InstagramCloneTests */ = {
			isa = PBXGroup;
			children = (
				57AF98BD298257AF00EEEB46 /* InstagramCloneTests.swift */,
			);
			path = InstagramCloneTests;
			sourceTree = "<group>";
		};
		57AF98C6298257AF00EEEB46 /* InstagramCloneUITests */ = {
			isa = PBXGroup;
			children = (
				57AF98C7298257AF00EEEB46 /* InstagramCloneUITests.swift */,
				57AF98C9298257AF00EEEB46 /* InstagramCloneUITestsLaunchTests.swift */,
			);
			path = InstagramCloneUITests;
			sourceTree = "<group>";
		};
		57AF98D6298257CF00EEEB46 /* View */ = {
			isa = PBXGroup;
			children = (
			);
			path = View;
			sourceTree = "<group>";
		};
		57AF98D7298257D500EEEB46 /* Model */ = {
			isa = PBXGroup;
			children = (
			);
			path = Model;
			sourceTree = "<group>";
		};
		57AF98D8298257DA00EEEB46 /* Controller */ = {
			isa = PBXGroup;
			children = (
				43F9A436299B64E6007959D2 /* Login */,
				43F9A437299B64EE007959D2 /* Feed */,
				43F9A438299B64F6007959D2 /* Search */,
				43F9A439299B64FC007959D2 /* UploadPost */,
				43F9A43A299B6506007959D2 /* Notifications */,
				43F9A43B299B650D007959D2 /* UserProfile */,
				43F9A42A299A3CBC007959D2 /* MainTabVC.swift */,
			);
			path = Controller;
			sourceTree = "<group>";
		};
		57AF98DB29825A4500EEEB46 /* Uitls */ = {
			isa = PBXGroup;
			children = (
				57AF98DC29825A5700EEEB46 /* Extensions.swift */,
			);
			path = Uitls;
			sourceTree = "<group>";
		};
		B0D4533A65F4AE969DE6E03D /* Frameworks */ = {
			isa = PBXGroup;
			children = (
				09B0D68B773CE077B343969D /* Pods_InstagramClone.framework */,
				8640C542C214FA36E2C7C29C /* Pods_InstagramClone_InstagramCloneUITests.framework */,
				3EFE89BB189D0AB8B7EC37A3 /* Pods_InstagramCloneTests.framework */,
			);
			name = Frameworks;
			sourceTree = "<group>";
		};
		CEA6DD160077D0F2F0B02138 /* Pods */ = {
			isa = PBXGroup;
			children = (
				1FBBE693344AB3998CA5C5D0 /* Pods-InstagramClone.debug.xcconfig */,
				BE10E5A0A453F865623A3125 /* Pods-InstagramClone.release.xcconfig */,
				116E9DEC4AD817154BA8BF88 /* Pods-InstagramClone-InstagramCloneUITests.debug.xcconfig */,
				0D6D85D7266B6E00A7BF76FF /* Pods-InstagramClone-InstagramCloneUITests.release.xcconfig */,
				C6E928E437DB6F3D7027E699 /* Pods-InstagramCloneTests.debug.xcconfig */,
				ED94839913D094C7CCC0A4F2 /* Pods-InstagramCloneTests.release.xcconfig */,
			);
			path = Pods;
			sourceTree = "<group>";
		};
/* End PBXGroup section */

/* Begin PBXNativeTarget section */
		57AF98A2298257AD00EEEB46 /* InstagramClone */ = {
			isa = PBXNativeTarget;
			buildConfigurationList = 57AF98CD298257AF00EEEB46 /* Build configuration list for PBXNativeTarget "InstagramClone" */;
			buildPhases = (
				3CA2ECBFE343210EE7025D3D /* [CP] Check Pods Manifest.lock */,
				57AF989F298257AD00EEEB46 /* Sources */,
				57AF98A0298257AD00EEEB46 /* Frameworks */,
				57AF98A1298257AD00EEEB46 /* Resources */,
				55245FF866BB65C589A70E80 /* [CP] Embed Pods Frameworks */,
			);
			buildRules = (
			);
			dependencies = (
			);
			name = InstagramClone;
			productName = InstagramClone;
			productReference = 57AF98A3298257AD00EEEB46 /* InstagramClone.app */;
			productType = "com.apple.product-type.application";
		};
		57AF98B8298257AF00EEEB46 /* InstagramCloneTests */ = {
			isa = PBXNativeTarget;
			buildConfigurationList = 57AF98D0298257AF00EEEB46 /* Build configuration list for PBXNativeTarget "InstagramCloneTests" */;
			buildPhases = (
				D4010E81E68AB6B4EA44F963 /* [CP] Check Pods Manifest.lock */,
				57AF98B5298257AF00EEEB46 /* Sources */,
				57AF98B6298257AF00EEEB46 /* Frameworks */,
				57AF98B7298257AF00EEEB46 /* Resources */,
			);
			buildRules = (
			);
			dependencies = (
				57AF98BB298257AF00EEEB46 /* PBXTargetDependency */,
			);
			name = InstagramCloneTests;
			productName = InstagramCloneTests;
			productReference = 57AF98B9298257AF00EEEB46 /* InstagramCloneTests.xctest */;
			productType = "com.apple.product-type.bundle.unit-test";
		};
		57AF98C2298257AF00EEEB46 /* InstagramCloneUITests */ = {
			isa = PBXNativeTarget;
			buildConfigurationList = 57AF98D3298257AF00EEEB46 /* Build configuration list for PBXNativeTarget "InstagramCloneUITests" */;
			buildPhases = (
				F557D98A267B1D3B4F4C816C /* [CP] Check Pods Manifest.lock */,
				57AF98BF298257AF00EEEB46 /* Sources */,
				57AF98C0298257AF00EEEB46 /* Frameworks */,
				57AF98C1298257AF00EEEB46 /* Resources */,
				A227B0C987A949A31EF030B3 /* [CP] Embed Pods Frameworks */,
			);
			buildRules = (
			);
			dependencies = (
				57AF98C5298257AF00EEEB46 /* PBXTargetDependency */,
			);
			name = InstagramCloneUITests;
			productName = InstagramCloneUITests;
			productReference = 57AF98C3298257AF00EEEB46 /* InstagramCloneUITests.xctest */;
			productType = "com.apple.product-type.bundle.ui-testing";
		};
/* End PBXNativeTarget section */

/* Begin PBXProject section */
		57AF989B298257AD00EEEB46 /* Project object */ = {
			isa = PBXProject;
			attributes = {
				BuildIndependentTargetsInParallel = 1;
				KnownAssetTags = (
					Instagram_logo_image,
				);
				LastSwiftUpdateCheck = 1420;
				LastUpgradeCheck = 1420;
				TargetAttributes = {
					57AF98A2298257AD00EEEB46 = {
						CreatedOnToolsVersion = 14.2;
					};
					57AF98B8298257AF00EEEB46 = {
						CreatedOnToolsVersion = 14.2;
						TestTargetID = 57AF98A2298257AD00EEEB46;
					};
					57AF98C2298257AF00EEEB46 = {
						CreatedOnToolsVersion = 14.2;
						TestTargetID = 57AF98A2298257AD00EEEB46;
					};
				};
			};
			buildConfigurationList = 57AF989E298257AD00EEEB46 /* Build configuration list for PBXProject "InstagramClone" */;
			compatibilityVersion = "Xcode 14.0";
			developmentRegion = en;
			hasScannedForEncodings = 0;
			knownRegions = (
				en,
				Base,
			);
			mainGroup = 57AF989A298257AD00EEEB46;
			productRefGroup = 57AF98A4298257AD00EEEB46 /* Products */;
			projectDirPath = "";
			projectRoot = "";
			targets = (
				57AF98A2298257AD00EEEB46 /* InstagramClone */,
				57AF98B8298257AF00EEEB46 /* InstagramCloneTests */,
				57AF98C2298257AF00EEEB46 /* InstagramCloneUITests */,
			);
		};
/* End PBXProject section */

/* Begin PBXResourcesBuildPhase section */
		57AF98A1298257AD00EEEB46 /* Resources */ = {
			isa = PBXResourcesBuildPhase;
			buildActionMask = 2147483647;
			files = (
				5788D3812988FB2400C4A2DD /* Main.storyboard in Resources */,
				43497630298C591700B8753C /* GoogleService-Info.plist in Resources */,
				57AF98B3298257AF00EEEB46 /* LaunchScreen.storyboard in Resources */,
				57AF9919298266DE00EEEB46 /* Assets.xcassets in Resources */,
			);
			runOnlyForDeploymentPostprocessing = 0;
		};
		57AF98B7298257AF00EEEB46 /* Resources */ = {
			isa = PBXResourcesBuildPhase;
			buildActionMask = 2147483647;
			files = (
			);
			runOnlyForDeploymentPostprocessing = 0;
		};
		57AF98C1298257AF00EEEB46 /* Resources */ = {
			isa = PBXResourcesBuildPhase;
			buildActionMask = 2147483647;
			files = (
			);
			runOnlyForDeploymentPostprocessing = 0;
		};
/* End PBXResourcesBuildPhase section */

/* Begin PBXShellScriptBuildPhase section */
		3CA2ECBFE343210EE7025D3D /* [CP] Check Pods Manifest.lock */ = {
			isa = PBXShellScriptBuildPhase;
			buildActionMask = 2147483647;
			files = (
			);
			inputFileListPaths = (
			);
			inputPaths = (
				"${PODS_PODFILE_DIR_PATH}/Podfile.lock",
				"${PODS_ROOT}/Manifest.lock",
			);
			name = "[CP] Check Pods Manifest.lock";
			outputFileListPaths = (
			);
			outputPaths = (
				"$(DERIVED_FILE_DIR)/Pods-InstagramClone-checkManifestLockResult.txt",
			);
			runOnlyForDeploymentPostprocessing = 0;
			shellPath = /bin/sh;
			shellScript = "diff \"${PODS_PODFILE_DIR_PATH}/Podfile.lock\" \"${PODS_ROOT}/Manifest.lock\" > /dev/null\nif [ $? != 0 ] ; then\n    # print error to STDERR\n    echo \"error: The sandbox is not in sync with the Podfile.lock. Run 'pod install' or update your CocoaPods installation.\" >&2\n    exit 1\nfi\n# This output is used by Xcode 'outputs' to avoid re-running this script phase.\necho \"SUCCESS\" > \"${SCRIPT_OUTPUT_FILE_0}\"\n";
			showEnvVarsInLog = 0;
		};
		55245FF866BB65C589A70E80 /* [CP] Embed Pods Frameworks */ = {
			isa = PBXShellScriptBuildPhase;
			buildActionMask = 2147483647;
			files = (
			);
			inputFileListPaths = (
				"${PODS_ROOT}/Target Support Files/Pods-InstagramClone/Pods-InstagramClone-frameworks-${CONFIGURATION}-input-files.xcfilelist",
			);
			name = "[CP] Embed Pods Frameworks";
			outputFileListPaths = (
				"${PODS_ROOT}/Target Support Files/Pods-InstagramClone/Pods-InstagramClone-frameworks-${CONFIGURATION}-output-files.xcfilelist",
			);
			runOnlyForDeploymentPostprocessing = 0;
			shellPath = /bin/sh;
			shellScript = "\"${PODS_ROOT}/Target Support Files/Pods-InstagramClone/Pods-InstagramClone-frameworks.sh\"\n";
			showEnvVarsInLog = 0;
		};
		A227B0C987A949A31EF030B3 /* [CP] Embed Pods Frameworks */ = {
			isa = PBXShellScriptBuildPhase;
			buildActionMask = 2147483647;
			files = (
			);
			inputFileListPaths = (
				"${PODS_ROOT}/Target Support Files/Pods-InstagramClone-InstagramCloneUITests/Pods-InstagramClone-InstagramCloneUITests-frameworks-${CONFIGURATION}-input-files.xcfilelist",
			);
			name = "[CP] Embed Pods Frameworks";
			outputFileListPaths = (
				"${PODS_ROOT}/Target Support Files/Pods-InstagramClone-InstagramCloneUITests/Pods-InstagramClone-InstagramCloneUITests-frameworks-${CONFIGURATION}-output-files.xcfilelist",
			);
			runOnlyForDeploymentPostprocessing = 0;
			shellPath = /bin/sh;
			shellScript = "\"${PODS_ROOT}/Target Support Files/Pods-InstagramClone-InstagramCloneUITests/Pods-InstagramClone-InstagramCloneUITests-frameworks.sh\"\n";
			showEnvVarsInLog = 0;
		};
		D4010E81E68AB6B4EA44F963 /* [CP] Check Pods Manifest.lock */ = {
			isa = PBXShellScriptBuildPhase;
			buildActionMask = 2147483647;
			files = (
			);
			inputFileListPaths = (
			);
			inputPaths = (
				"${PODS_PODFILE_DIR_PATH}/Podfile.lock",
				"${PODS_ROOT}/Manifest.lock",
			);
			name = "[CP] Check Pods Manifest.lock";
			outputFileListPaths = (
			);
			outputPaths = (
				"$(DERIVED_FILE_DIR)/Pods-InstagramCloneTests-checkManifestLockResult.txt",
			);
			runOnlyForDeploymentPostprocessing = 0;
			shellPath = /bin/sh;
			shellScript = "diff \"${PODS_PODFILE_DIR_PATH}/Podfile.lock\" \"${PODS_ROOT}/Manifest.lock\" > /dev/null\nif [ $? != 0 ] ; then\n    # print error to STDERR\n    echo \"error: The sandbox is not in sync with the Podfile.lock. Run 'pod install' or update your CocoaPods installation.\" >&2\n    exit 1\nfi\n# This output is used by Xcode 'outputs' to avoid re-running this script phase.\necho \"SUCCESS\" > \"${SCRIPT_OUTPUT_FILE_0}\"\n";
			showEnvVarsInLog = 0;
		};
		F557D98A267B1D3B4F4C816C /* [CP] Check Pods Manifest.lock */ = {
			isa = PBXShellScriptBuildPhase;
			buildActionMask = 2147483647;
			files = (
			);
			inputFileListPaths = (
			);
			inputPaths = (
				"${PODS_PODFILE_DIR_PATH}/Podfile.lock",
				"${PODS_ROOT}/Manifest.lock",
			);
			name = "[CP] Check Pods Manifest.lock";
			outputFileListPaths = (
			);
			outputPaths = (
				"$(DERIVED_FILE_DIR)/Pods-InstagramClone-InstagramCloneUITests-checkManifestLockResult.txt",
			);
			runOnlyForDeploymentPostprocessing = 0;
			shellPath = /bin/sh;
			shellScript = "diff \"${PODS_PODFILE_DIR_PATH}/Podfile.lock\" \"${PODS_ROOT}/Manifest.lock\" > /dev/null\nif [ $? != 0 ] ; then\n    # print error to STDERR\n    echo \"error: The sandbox is not in sync with the Podfile.lock. Run 'pod install' or update your CocoaPods installation.\" >&2\n    exit 1\nfi\n# This output is used by Xcode 'outputs' to avoid re-running this script phase.\necho \"SUCCESS\" > \"${SCRIPT_OUTPUT_FILE_0}\"\n";
			showEnvVarsInLog = 0;
		};
/* End PBXShellScriptBuildPhase section */

/* Begin PBXSourcesBuildPhase section */
		57AF989F298257AD00EEEB46 /* Sources */ = {
			isa = PBXSourcesBuildPhase;
			buildActionMask = 2147483647;
			files = (
				43F9A431299A4002007959D2 /* UploadPostVC.swift in Sources */,
				43F9A433299A4046007959D2 /* NotificationsVC.swift in Sources */,
				57AF98DD29825A5700EEEB46 /* Extensions.swift in Sources */,
				43F9A435299A4349007959D2 /* UserProfileVC.swift in Sources */,
				43F9A42B299A3CBC007959D2 /* MainTabVC.swift in Sources */,
				57AF98A7298257AD00EEEB46 /* AppDelegate.swift in Sources */,
				57AF98A9298257AD00EEEB46 /* SceneDelegate.swift in Sources */,
				43F9A42F299A3FDA007959D2 /* FeedVC.swift in Sources */,
				57AF98DA2982581F00EEEB46 /* LoginVC.swift in Sources */,
				57AF991B2983B5FD00EEEB46 /* SignUpVC.swift in Sources */,
				43F9A42D299A3FAF007959D2 /* SearchVC.swift in Sources */,
			);
			runOnlyForDeploymentPostprocessing = 0;
		};
		57AF98B5298257AF00EEEB46 /* Sources */ = {
			isa = PBXSourcesBuildPhase;
			buildActionMask = 2147483647;
			files = (
				57AF98BE298257AF00EEEB46 /* InstagramCloneTests.swift in Sources */,
			);
			runOnlyForDeploymentPostprocessing = 0;
		};
		57AF98BF298257AF00EEEB46 /* Sources */ = {
			isa = PBXSourcesBuildPhase;
			buildActionMask = 2147483647;
			files = (
				57AF98C8298257AF00EEEB46 /* InstagramCloneUITests.swift in Sources */,
				57AF98CA298257AF00EEEB46 /* InstagramCloneUITestsLaunchTests.swift in Sources */,
			);
			runOnlyForDeploymentPostprocessing = 0;
		};
/* End PBXSourcesBuildPhase section */

/* Begin PBXTargetDependency section */
		57AF98BB298257AF00EEEB46 /* PBXTargetDependency */ = {
			isa = PBXTargetDependency;
			target = 57AF98A2298257AD00EEEB46 /* InstagramClone */;
			targetProxy = 57AF98BA298257AF00EEEB46 /* PBXContainerItemProxy */;
		};
		57AF98C5298257AF00EEEB46 /* PBXTargetDependency */ = {
			isa = PBXTargetDependency;
			target = 57AF98A2298257AD00EEEB46 /* InstagramClone */;
			targetProxy = 57AF98C4298257AF00EEEB46 /* PBXContainerItemProxy */;
		};
/* End PBXTargetDependency section */

/* Begin PBXVariantGroup section */
		5788D37F2988FB2400C4A2DD /* Main.storyboard */ = {
			isa = PBXVariantGroup;
			children = (
				5788D3802988FB2400C4A2DD /* Base */,
			);
			name = Main.storyboard;
			sourceTree = "<group>";
		};
		57AF98B1298257AF00EEEB46 /* LaunchScreen.storyboard */ = {
			isa = PBXVariantGroup;
			children = (
				57AF98B2298257AF00EEEB46 /* Base */,
			);
			name = LaunchScreen.storyboard;
			sourceTree = "<group>";
		};
/* End PBXVariantGroup section */

/* Begin XCBuildConfiguration section */
		57AF98CB298257AF00EEEB46 /* Debug */ = {
			isa = XCBuildConfiguration;
			buildSettings = {
				ALWAYS_SEARCH_USER_PATHS = NO;
				CLANG_ANALYZER_NONNULL = YES;
				CLANG_ANALYZER_NUMBER_OBJECT_CONVERSION = YES_AGGRESSIVE;
				CLANG_CXX_LANGUAGE_STANDARD = "gnu++20";
				CLANG_ENABLE_MODULES = YES;
				CLANG_ENABLE_OBJC_ARC = YES;
				CLANG_ENABLE_OBJC_WEAK = YES;
				CLANG_WARN_BLOCK_CAPTURE_AUTORELEASING = YES;
				CLANG_WARN_BOOL_CONVERSION = YES;
				CLANG_WARN_COMMA = YES;
				CLANG_WARN_CONSTANT_CONVERSION = YES;
				CLANG_WARN_DEPRECATED_OBJC_IMPLEMENTATIONS = YES;
				CLANG_WARN_DIRECT_OBJC_ISA_USAGE = YES_ERROR;
				CLANG_WARN_DOCUMENTATION_COMMENTS = YES;
				CLANG_WARN_EMPTY_BODY = YES;
				CLANG_WARN_ENUM_CONVERSION = YES;
				CLANG_WARN_INFINITE_RECURSION = YES;
				CLANG_WARN_INT_CONVERSION = YES;
				CLANG_WARN_NON_LITERAL_NULL_CONVERSION = YES;
				CLANG_WARN_OBJC_IMPLICIT_RETAIN_SELF = YES;
				CLANG_WARN_OBJC_LITERAL_CONVERSION = YES;
				CLANG_WARN_OBJC_ROOT_CLASS = YES_ERROR;
				CLANG_WARN_QUOTED_INCLUDE_IN_FRAMEWORK_HEADER = YES;
				CLANG_WARN_RANGE_LOOP_ANALYSIS = YES;
				CLANG_WARN_STRICT_PROTOTYPES = YES;
				CLANG_WARN_SUSPICIOUS_MOVE = YES;
				CLANG_WARN_UNGUARDED_AVAILABILITY = YES_AGGRESSIVE;
				CLANG_WARN_UNREACHABLE_CODE = YES;
				CLANG_WARN__DUPLICATE_METHOD_MATCH = YES;
				COPY_PHASE_STRIP = NO;
				DEBUG_INFORMATION_FORMAT = dwarf;
				ENABLE_STRICT_OBJC_MSGSEND = YES;
				ENABLE_TESTABILITY = YES;
				GCC_C_LANGUAGE_STANDARD = gnu11;
				GCC_DYNAMIC_NO_PIC = NO;
				GCC_NO_COMMON_BLOCKS = YES;
				GCC_OPTIMIZATION_LEVEL = 0;
				GCC_PREPROCESSOR_DEFINITIONS = (
					"DEBUG=1",
					"$(inherited)",
				);
				GCC_WARN_64_TO_32_BIT_CONVERSION = YES;
				GCC_WARN_ABOUT_RETURN_TYPE = YES_ERROR;
				GCC_WARN_UNDECLARED_SELECTOR = YES;
				GCC_WARN_UNINITIALIZED_AUTOS = YES_AGGRESSIVE;
				GCC_WARN_UNUSED_FUNCTION = YES;
				GCC_WARN_UNUSED_VARIABLE = YES;
				IPHONEOS_DEPLOYMENT_TARGET = 16.2;
				MTL_ENABLE_DEBUG_INFO = INCLUDE_SOURCE;
				MTL_FAST_MATH = YES;
				ONLY_ACTIVE_ARCH = YES;
				SDKROOT = iphoneos;
				SWIFT_ACTIVE_COMPILATION_CONDITIONS = DEBUG;
				SWIFT_OPTIMIZATION_LEVEL = "-Onone";
			};
			name = Debug;
		};
		57AF98CC298257AF00EEEB46 /* Release */ = {
			isa = XCBuildConfiguration;
			buildSettings = {
				ALWAYS_SEARCH_USER_PATHS = NO;
				CLANG_ANALYZER_NONNULL = YES;
				CLANG_ANALYZER_NUMBER_OBJECT_CONVERSION = YES_AGGRESSIVE;
				CLANG_CXX_LANGUAGE_STANDARD = "gnu++20";
				CLANG_ENABLE_MODULES = YES;
				CLANG_ENABLE_OBJC_ARC = YES;
				CLANG_ENABLE_OBJC_WEAK = YES;
				CLANG_WARN_BLOCK_CAPTURE_AUTORELEASING = YES;
				CLANG_WARN_BOOL_CONVERSION = YES;
				CLANG_WARN_COMMA = YES;
				CLANG_WARN_CONSTANT_CONVERSION = YES;
				CLANG_WARN_DEPRECATED_OBJC_IMPLEMENTATIONS = YES;
				CLANG_WARN_DIRECT_OBJC_ISA_USAGE = YES_ERROR;
				CLANG_WARN_DOCUMENTATION_COMMENTS = YES;
				CLANG_WARN_EMPTY_BODY = YES;
				CLANG_WARN_ENUM_CONVERSION = YES;
				CLANG_WARN_INFINITE_RECURSION = YES;
				CLANG_WARN_INT_CONVERSION = YES;
				CLANG_WARN_NON_LITERAL_NULL_CONVERSION = YES;
				CLANG_WARN_OBJC_IMPLICIT_RETAIN_SELF = YES;
				CLANG_WARN_OBJC_LITERAL_CONVERSION = YES;
				CLANG_WARN_OBJC_ROOT_CLASS = YES_ERROR;
				CLANG_WARN_QUOTED_INCLUDE_IN_FRAMEWORK_HEADER = YES;
				CLANG_WARN_RANGE_LOOP_ANALYSIS = YES;
				CLANG_WARN_STRICT_PROTOTYPES = YES;
				CLANG_WARN_SUSPICIOUS_MOVE = YES;
				CLANG_WARN_UNGUARDED_AVAILABILITY = YES_AGGRESSIVE;
				CLANG_WARN_UNREACHABLE_CODE = YES;
				CLANG_WARN__DUPLICATE_METHOD_MATCH = YES;
				COPY_PHASE_STRIP = NO;
				DEBUG_INFORMATION_FORMAT = "dwarf-with-dsym";
				ENABLE_NS_ASSERTIONS = NO;
				ENABLE_STRICT_OBJC_MSGSEND = YES;
				GCC_C_LANGUAGE_STANDARD = gnu11;
				GCC_NO_COMMON_BLOCKS = YES;
				GCC_WARN_64_TO_32_BIT_CONVERSION = YES;
				GCC_WARN_ABOUT_RETURN_TYPE = YES_ERROR;
				GCC_WARN_UNDECLARED_SELECTOR = YES;
				GCC_WARN_UNINITIALIZED_AUTOS = YES_AGGRESSIVE;
				GCC_WARN_UNUSED_FUNCTION = YES;
				GCC_WARN_UNUSED_VARIABLE = YES;
				IPHONEOS_DEPLOYMENT_TARGET = 16.2;
				MTL_ENABLE_DEBUG_INFO = NO;
				MTL_FAST_MATH = YES;
				SDKROOT = iphoneos;
				SWIFT_COMPILATION_MODE = wholemodule;
				SWIFT_OPTIMIZATION_LEVEL = "-O";
				VALIDATE_PRODUCT = YES;
			};
			name = Release;
		};
		57AF98CE298257AF00EEEB46 /* Debug */ = {
			isa = XCBuildConfiguration;
			baseConfigurationReference = 1FBBE693344AB3998CA5C5D0 /* Pods-InstagramClone.debug.xcconfig */;
			buildSettings = {
				ASSETCATALOG_COMPILER_APPICON_NAME = AppIcon;
				ASSETCATALOG_COMPILER_GLOBAL_ACCENT_COLOR_NAME = AccentColor;
				CODE_SIGN_STYLE = Automatic;
				CURRENT_PROJECT_VERSION = 1;
				DEVELOPMENT_TEAM = 25P9CHJ9KM;
				GENERATE_INFOPLIST_FILE = YES;
				INFOPLIST_FILE = InstagramClone/Info.plist;
				INFOPLIST_KEY_UIApplicationSupportsIndirectInputEvents = YES;
				INFOPLIST_KEY_UILaunchStoryboardName = LaunchScreen;
				INFOPLIST_KEY_UIMainStoryboardFile = Main;
				INFOPLIST_KEY_UISupportedInterfaceOrientations_iPad = "UIInterfaceOrientationPortrait UIInterfaceOrientationPortraitUpsideDown UIInterfaceOrientationLandscapeLeft UIInterfaceOrientationLandscapeRight";
				INFOPLIST_KEY_UISupportedInterfaceOrientations_iPhone = "UIInterfaceOrientationPortrait UIInterfaceOrientationLandscapeLeft UIInterfaceOrientationLandscapeRight";
				LD_RUNPATH_SEARCH_PATHS = (
					"$(inherited)",
					"@executable_path/Frameworks",
				);
				MARKETING_VERSION = 1.0;
				PRODUCT_BUNDLE_IDENTIFIER = headit74.InstagramClone;
				PRODUCT_NAME = "$(TARGET_NAME)";
				SWIFT_EMIT_LOC_STRINGS = YES;
				SWIFT_VERSION = 5.0;
				TARGETED_DEVICE_FAMILY = "1,2";
			};
			name = Debug;
		};
		57AF98CF298257AF00EEEB46 /* Release */ = {
			isa = XCBuildConfiguration;
			baseConfigurationReference = BE10E5A0A453F865623A3125 /* Pods-InstagramClone.release.xcconfig */;
			buildSettings = {
				ASSETCATALOG_COMPILER_APPICON_NAME = AppIcon;
				ASSETCATALOG_COMPILER_GLOBAL_ACCENT_COLOR_NAME = AccentColor;
				CODE_SIGN_STYLE = Automatic;
				CURRENT_PROJECT_VERSION = 1;
				DEVELOPMENT_TEAM = 25P9CHJ9KM;
				GENERATE_INFOPLIST_FILE = YES;
				INFOPLIST_FILE = InstagramClone/Info.plist;
				INFOPLIST_KEY_UIApplicationSupportsIndirectInputEvents = YES;
				INFOPLIST_KEY_UILaunchStoryboardName = LaunchScreen;
				INFOPLIST_KEY_UIMainStoryboardFile = Main;
				INFOPLIST_KEY_UISupportedInterfaceOrientations_iPad = "UIInterfaceOrientationPortrait UIInterfaceOrientationPortraitUpsideDown UIInterfaceOrientationLandscapeLeft UIInterfaceOrientationLandscapeRight";
				INFOPLIST_KEY_UISupportedInterfaceOrientations_iPhone = "UIInterfaceOrientationPortrait UIInterfaceOrientationLandscapeLeft UIInterfaceOrientationLandscapeRight";
				LD_RUNPATH_SEARCH_PATHS = (
					"$(inherited)",
					"@executable_path/Frameworks",
				);
				MARKETING_VERSION = 1.0;
				PRODUCT_BUNDLE_IDENTIFIER = headit74.InstagramClone;
				PRODUCT_NAME = "$(TARGET_NAME)";
				SWIFT_EMIT_LOC_STRINGS = YES;
				SWIFT_VERSION = 5.0;
				TARGETED_DEVICE_FAMILY = "1,2";
			};
			name = Release;
		};
		57AF98D1298257AF00EEEB46 /* Debug */ = {
			isa = XCBuildConfiguration;
			baseConfigurationReference = C6E928E437DB6F3D7027E699 /* Pods-InstagramCloneTests.debug.xcconfig */;
			buildSettings = {
				ALWAYS_EMBED_SWIFT_STANDARD_LIBRARIES = YES;
				BUNDLE_LOADER = "$(TEST_HOST)";
				CODE_SIGN_STYLE = Automatic;
				CURRENT_PROJECT_VERSION = 1;
				DEVELOPMENT_TEAM = 25P9CHJ9KM;
				GENERATE_INFOPLIST_FILE = YES;
				IPHONEOS_DEPLOYMENT_TARGET = 16.2;
				MARKETING_VERSION = 1.0;
				PRODUCT_BUNDLE_IDENTIFIER = headit74.InstagramCloneTests;
				PRODUCT_NAME = "$(TARGET_NAME)";
				SWIFT_EMIT_LOC_STRINGS = NO;
				SWIFT_VERSION = 5.0;
				TARGETED_DEVICE_FAMILY = "1,2";
				TEST_HOST = "$(BUILT_PRODUCTS_DIR)/InstagramClone.app/$(BUNDLE_EXECUTABLE_FOLDER_PATH)/InstagramClone";
			};
			name = Debug;
		};
		57AF98D2298257AF00EEEB46 /* Release */ = {
			isa = XCBuildConfiguration;
			baseConfigurationReference = ED94839913D094C7CCC0A4F2 /* Pods-InstagramCloneTests.release.xcconfig */;
			buildSettings = {
				ALWAYS_EMBED_SWIFT_STANDARD_LIBRARIES = YES;
				BUNDLE_LOADER = "$(TEST_HOST)";
				CODE_SIGN_STYLE = Automatic;
				CURRENT_PROJECT_VERSION = 1;
				DEVELOPMENT_TEAM = 25P9CHJ9KM;
				GENERATE_INFOPLIST_FILE = YES;
				IPHONEOS_DEPLOYMENT_TARGET = 16.2;
				MARKETING_VERSION = 1.0;
				PRODUCT_BUNDLE_IDENTIFIER = headit74.InstagramCloneTests;
				PRODUCT_NAME = "$(TARGET_NAME)";
				SWIFT_EMIT_LOC_STRINGS = NO;
				SWIFT_VERSION = 5.0;
				TARGETED_DEVICE_FAMILY = "1,2";
				TEST_HOST = "$(BUILT_PRODUCTS_DIR)/InstagramClone.app/$(BUNDLE_EXECUTABLE_FOLDER_PATH)/InstagramClone";
			};
			name = Release;
		};
		57AF98D4298257AF00EEEB46 /* Debug */ = {
			isa = XCBuildConfiguration;
			baseConfigurationReference = 116E9DEC4AD817154BA8BF88 /* Pods-InstagramClone-InstagramCloneUITests.debug.xcconfig */;
			buildSettings = {
				ALWAYS_EMBED_SWIFT_STANDARD_LIBRARIES = YES;
				CODE_SIGN_STYLE = Automatic;
				CURRENT_PROJECT_VERSION = 1;
				DEVELOPMENT_TEAM = 25P9CHJ9KM;
				GENERATE_INFOPLIST_FILE = YES;
				MARKETING_VERSION = 1.0;
				PRODUCT_BUNDLE_IDENTIFIER = headit74.InstagramCloneUITests;
				PRODUCT_NAME = "$(TARGET_NAME)";
				SWIFT_EMIT_LOC_STRINGS = NO;
				SWIFT_VERSION = 5.0;
				TARGETED_DEVICE_FAMILY = "1,2";
				TEST_TARGET_NAME = InstagramClone;
			};
			name = Debug;
		};
		57AF98D5298257AF00EEEB46 /* Release */ = {
			isa = XCBuildConfiguration;
			baseConfigurationReference = 0D6D85D7266B6E00A7BF76FF /* Pods-InstagramClone-InstagramCloneUITests.release.xcconfig */;
			buildSettings = {
				ALWAYS_EMBED_SWIFT_STANDARD_LIBRARIES = YES;
				CODE_SIGN_STYLE = Automatic;
				CURRENT_PROJECT_VERSION = 1;
				DEVELOPMENT_TEAM = 25P9CHJ9KM;
				GENERATE_INFOPLIST_FILE = YES;
				MARKETING_VERSION = 1.0;
				PRODUCT_BUNDLE_IDENTIFIER = headit74.InstagramCloneUITests;
				PRODUCT_NAME = "$(TARGET_NAME)";
				SWIFT_EMIT_LOC_STRINGS = NO;
				SWIFT_VERSION = 5.0;
				TARGETED_DEVICE_FAMILY = "1,2";
				TEST_TARGET_NAME = InstagramClone;
			};
			name = Release;
		};
/* End XCBuildConfiguration section */

/* Begin XCConfigurationList section */
		57AF989E298257AD00EEEB46 /* Build configuration list for PBXProject "InstagramClone" */ = {
			isa = XCConfigurationList;
			buildConfigurations = (
				57AF98CB298257AF00EEEB46 /* Debug */,
				57AF98CC298257AF00EEEB46 /* Release */,
			);
			defaultConfigurationIsVisible = 0;
			defaultConfigurationName = Release;
		};
		57AF98CD298257AF00EEEB46 /* Build configuration list for PBXNativeTarget "InstagramClone" */ = {
			isa = XCConfigurationList;
			buildConfigurations = (
				57AF98CE298257AF00EEEB46 /* Debug */,
				57AF98CF298257AF00EEEB46 /* Release */,
			);
			defaultConfigurationIsVisible = 0;
			defaultConfigurationName = Release;
		};
		57AF98D0298257AF00EEEB46 /* Build configuration list for PBXNativeTarget "InstagramCloneTests" */ = {
			isa = XCConfigurationList;
			buildConfigurations = (
				57AF98D1298257AF00EEEB46 /* Debug */,
				57AF98D2298257AF00EEEB46 /* Release */,
			);
			defaultConfigurationIsVisible = 0;
			defaultConfigurationName = Release;
		};
		57AF98D3298257AF00EEEB46 /* Build configuration list for PBXNativeTarget "InstagramCloneUITests" */ = {
			isa = XCConfigurationList;
			buildConfigurations = (
				57AF98D4298257AF00EEEB46 /* Debug */,
				57AF98D5298257AF00EEEB46 /* Release */,
			);
			defaultConfigurationIsVisible = 0;
			defaultConfigurationName = Release;
		};
/* End XCConfigurationList section */
	};
	rootObject = 57AF989B298257AD00EEEB46 /* Project object */;
}
